
Microsoft Visual Studio Solution File, Format Version 12.00
# Visual Studio Version 16
VisualStudioVersion = 16.0.29001.49
MinimumVisualStudioVersion = 10.0.40219.1
Project("{FAE04EC0-301F-11D3-BF4B-00C04F79EFBC}") = "KatanaIntro", "KatanaIntro\KatanaIntro.csproj", "{56807A4C-C605-4C87-97D8-AD5F1F6306F4}"
EndProject
Global
	GlobalSection(SolutionConfigurationPlatforms) = preSolution
		Debug|Any CPU = Debug|Any CPU
		Release|Any CPU = Release|Any CPU
	EndGlobalSection
	GlobalSection(ProjectConfigurationPlatforms) = postSolution
		{56807A4C-C605-4C87-97D8-AD5F1F6306F4}.Debug|Any CPU.ActiveCfg = Debug|Any CPU
		{56807A4C-C605-4C87-97D8-AD5F1F6306F4}.Debug|Any CPU.Build.0 = Debug|Any CPU
		{56807A4C-C605-4C87-97D8-AD5F1F6306F4}.Release|Any CPU.ActiveCfg = Release|Any CPU
		{56807A4C-C605-4C87-97D8-AD5F1F6306F4}.Release|Any CPU.Build.0 = Release|Any CPU
	EndGlobalSection
	GlobalSection(SolutionProperties) = preSolution
		HideSolutionNode = FALSE
	EndGlobalSection
	GlobalSection(ExtensibilityGlobals) = postSolution
		SolutionGuid = {23186377-C90C-49A9-B521-60E5BCF16559}
	EndGlobalSection
EndGlobal
